# THIS IS AN AUTOGENERATED FILE. DO NOT EDIT THIS FILE DIRECTLY.
# yarn lockfile v1


"@sentry/apm@5.11.1":
  version "5.11.1"
  resolved "https://registry.yarnpkg.com/@sentry/apm/-/apm-5.11.1.tgz#cc89fa4150056fbf009f92eca94fccc3980db34e"
  integrity sha512-4iZH11p/7w9IMLT9hqNY1+EqLESltiIoF6/YsbpK93sXWGEs8VQ83IuvGuKWxajvHgDmj4ND0TxIliTsYqTqFw==
  dependencies:
    "@sentry/browser" "5.11.1"
    "@sentry/hub" "5.11.1"
    "@sentry/minimal" "5.11.1"
    "@sentry/types" "5.11.0"
    "@sentry/utils" "5.11.1"
    tslib "^1.9.3"

"@sentry/browser@5.11.1":
  version "5.11.1"
  resolved "https://registry.yarnpkg.com/@sentry/browser/-/browser-5.11.1.tgz#337ffcb52711b23064c847a07629e966f54a5ebb"
  integrity sha512-oqOX/otmuP92DEGRyZeBuQokXdeT9HQRxH73oqIURXXNLMP3PWJALSb4HtT4AftEt/2ROGobZLuA4TaID6My/Q==
  dependencies:
    "@sentry/core" "5.11.1"
    "@sentry/types" "5.11.0"
    "@sentry/utils" "5.11.1"
    tslib "^1.9.3"

"@sentry/core@5.11.1":
  version "5.11.1"
  resolved "https://registry.yarnpkg.com/@sentry/core/-/core-5.11.1.tgz#9e2da485e196ae32971545c1c49ee6fe719930e2"
  integrity sha512-BpvPosVNT20Xso4gAV54Lu3KqDmD20vO63HYwbNdST5LUi8oYV4JhvOkoBraPEM2cbBwQvwVcFdeEYKk4tin9A==
  dependencies:
    "@sentry/hub" "5.11.1"
    "@sentry/minimal" "5.11.1"
    "@sentry/types" "5.11.0"
    "@sentry/utils" "5.11.1"
    tslib "^1.9.3"

"@sentry/hub@5.11.1":
  version "5.11.1"
  resolved "https://registry.yarnpkg.com/@sentry/hub/-/hub-5.11.1.tgz#ddcb865563fae53852d405885c46b4c6de68a91b"
  integrity sha512-ucKprYCbGGLLjVz4hWUqHN9KH0WKUkGf5ZYfD8LUhksuobRkYVyig0ZGbshECZxW5jcDTzip4Q9Qimq/PkkXBg==
  dependencies:
    "@sentry/types" "5.11.0"
    "@sentry/utils" "5.11.1"
    tslib "^1.9.3"

"@sentry/minimal@5.11.1":
  version "5.11.1"
  resolved "https://registry.yarnpkg.com/@sentry/minimal/-/minimal-5.11.1.tgz#0e705d01a567282d8fbbda2aed848b4974cc3cec"
  integrity sha512-HK8zs7Pgdq7DsbZQTThrhQPrJsVWzz7MaluAbQA0rTIAJ3TvHKQpsVRu17xDpjZXypqWcKCRsthDrC4LxDM1Bg==
  dependencies:
    "@sentry/hub" "5.11.1"
    "@sentry/types" "5.11.0"
    tslib "^1.9.3"

"@sentry/node@^5.9.0":
  version "5.11.1"
  resolved "https://registry.yarnpkg.com/@sentry/node/-/node-5.11.1.tgz#2a9c18cd1209cfdf7a69b9d91303413149d2c910"
  integrity sha512-FbJs0blJ36gEzE0rc2yBfA/KE+kXOLl8MUfFTcyJCBdCGF8XMETDCmgINnJ4TyBUJviwKoPw2TCk9TL2pa/A1w==
  dependencies:
    "@sentry/apm" "5.11.1"
    "@sentry/core" "5.11.1"
    "@sentry/hub" "5.11.1"
    "@sentry/types" "5.11.0"
    "@sentry/utils" "5.11.1"
    cookie "^0.3.1"
    https-proxy-agent "^4.0.0"
    lru_map "^0.3.3"
    tslib "^1.9.3"

"@sentry/types@5.11.0":
  version "5.11.0"
  resolved "https://registry.yarnpkg.com/@sentry/types/-/types-5.11.0.tgz#40f0f3174362928e033ddd9725d55e7c5cb7c5b6"
  integrity sha512-1Uhycpmeo1ZK2GLvrtwZhTwIodJHcyIS6bn+t4IMkN9MFoo6ktbAfhvexBDW/IDtdLlCGJbfm8nIZerxy0QUpg==

"@sentry/utils@5.11.1":
  version "5.11.1"
  resolved "https://registry.yarnpkg.com/@sentry/utils/-/utils-5.11.1.tgz#aa19fcc234cf632257b2281261651d2fac967607"
  integrity sha512-O0Zl4R2JJh8cTkQ8ZL2cDqGCmQdpA5VeXpuBbEl1v78LQPkBDISi35wH4mKmLwMsLBtTVpx2UeUHBj0KO5aLlA==
  dependencies:
    "@sentry/types" "5.11.0"
    tslib "^1.9.3"

"@types/dotenv@^8.2.0":
  version "8.2.0"
  resolved "https://registry.yarnpkg.com/@types/dotenv/-/dotenv-8.2.0.tgz#5cd64710c3c98e82d9d15844375a33bf1b45d053"
  integrity sha512-ylSC9GhfRH7m1EUXBXofhgx4lUWmFeQDINW5oLuS+gxWdfUeW4zJdeVTYVkexEW+e2VUvlZR2kGnGGipAWR7kw==
  dependencies:
    dotenv "*"

"@types/node@*":
  version "13.1.8"
  resolved "https://registry.yarnpkg.com/@types/node/-/node-13.1.8.tgz#1d590429fe8187a02707720ecf38a6fe46ce294b"
  integrity sha512-6XzyyNM9EKQW4HKuzbo/CkOIjn/evtCmsU+MUM1xDfJ+3/rNjBttM1NgN7AOQvN6tP1Sl1D1PIKMreTArnxM9A==

"@types/ws@^6.0.4":
  version "6.0.4"
  resolved "https://registry.yarnpkg.com/@types/ws/-/ws-6.0.4.tgz#7797707c8acce8f76d8c34b370d4645b70421ff1"
  integrity sha512-PpPrX7SZW9re6+Ha8ojZG4Se8AZXgf0GK6zmfqEuCsY49LFDNXO3SByp44X3dFEqtB73lkCDAdUazhAjVPiNwg==
  dependencies:
    "@types/node" "*"

agent-base@5:
  version "5.1.1"
  resolved "https://registry.yarnpkg.com/agent-base/-/agent-base-5.1.1.tgz#e8fb3f242959db44d63be665db7a8e739537a32c"
  integrity sha512-TMeqbNl2fMW0nMjTEPOwe3J/PRFP4vqeoNuQMG0HlMrtm5QxKqdvAkZ1pRBQ/ulIyDD5Yq0nJ7YbdD8ey0TO3g==

cookie@^0.3.1:
  version "0.3.1"
  resolved "https://registry.yarnpkg.com/cookie/-/cookie-0.3.1.tgz#e7e0a1f9ef43b4c8ba925c5c5a96e806d16873bb"
  integrity sha1-5+Ch+e9DtMi6klxcWpboBtFoc7s=

debug@4:
  version "4.1.1"
  resolved "https://registry.yarnpkg.com/debug/-/debug-4.1.1.tgz#3b72260255109c6b589cee050f1d516139664791"
  integrity sha512-pYAIzeRo8J6KPEaJ0VWOh5Pzkbw/RetuzehGM7QRRX5he4fPHx2rdKMB256ehJCkX+XRQm16eZLqLNS8RSZXZw==
  dependencies:
    ms "^2.1.1"

dotenv@*, dotenv@^8.2.0:
  version "8.2.0"
  resolved "https://registry.yarnpkg.com/dotenv/-/dotenv-8.2.0.tgz#97e619259ada750eea3e4ea3e26bceea5424b16a"
  integrity sha512-8sJ78ElpbDJBHNeBzUbUVLsqKdccaa/BXF1uPTw3GrvQTBgrQrtObr2mUrE38vzYd8cEv+m/JBfDLioYcfXoaw==

fs@0.0.1-security:
  version "0.0.1-security"
  resolved "https://registry.yarnpkg.com/fs/-/fs-0.0.1-security.tgz#8a7bd37186b6dddf3813f23858b57ecaaf5e41d4"
  integrity sha1-invTcYa23d84E/I4WLV+yq9eQdQ=

https-proxy-agent@^4.0.0:
  version "4.0.0"
  resolved "https://registry.yarnpkg.com/https-proxy-agent/-/https-proxy-agent-4.0.0.tgz#702b71fb5520a132a66de1f67541d9e62154d82b"
  integrity sha512-zoDhWrkR3of1l9QAL8/scJZyLu8j/gBkcwcaQOZh7Gyh/+uJQzGVETdgT30akuwkpL8HTRfssqI3BZuV18teDg==
  dependencies:
    agent-base "5"
    debug "4"

https@^1.0.0:
  version "1.0.0"
  resolved "https://registry.yarnpkg.com/https/-/https-1.0.0.tgz#3c37c7ae1a8eeb966904a2ad1e975a194b7ed3a4"
  integrity sha1-PDfHrhqO65ZpBKKtHpdaGUt+06Q=

lodash@^4.17.12:
  version "4.17.15"
  resolved "https://registry.yarnpkg.com/lodash/-/lodash-4.17.15.tgz#b447f6670a0455bbfeedd11392eff330ea097548"
  integrity sha512-8xOcRHvCjnocdS5cpwXQXVzmmh5e5+saE2QGoeQmbKmRS6J3VQppPOIt0MnmE+4xlZoumy0GPG0D0MVIQbNA1A==

lru_map@^0.3.3:
  version "0.3.3"
  resolved "https://registry.yarnpkg.com/lru_map/-/lru_map-0.3.3.tgz#b5c8351b9464cbd750335a79650a0ec0e56118dd"
  integrity sha1-tcg1G5Rky9dQM1p5ZQoOwOVhGN0=

moment@^2.20.1:
  version "2.24.0"
  resolved "https://registry.yarnpkg.com/moment/-/moment-2.24.0.tgz#0d055d53f5052aa653c9f6eb68bb5d12bf5c2b5b"
  integrity sha512-bV7f+6l2QigeBBZSM/6yTNq4P2fNpSWj/0e7jQcy87A8e7o2nAfP/34/2ky5Vw4B9S446EtIhodAzkFCcR4dQg==

ms@^2.1.1:
  version "2.1.2"
  resolved "https://registry.yarnpkg.com/ms/-/ms-2.1.2.tgz#d09d1f357b443f493382a8eb3ccd183872ae6009"
  integrity sha512-sGkPx+VjMtmA6MX27oA4FBFELFCZZ4S4XqeGOXCv68tT+jb3vk/RyaKWP0PTKyWtmLSM0b+adUTEvbs1PEaH2w==

simple-node-logger@^18.12.23:
  version "18.12.24"
  resolved "https://registry.yarnpkg.com/simple-node-logger/-/simple-node-logger-18.12.24.tgz#d1961b83cf3302a2c2a7b292e736b1601d838b4e"
  integrity sha512-4dTqpYecHsvPjWo+i+J3pLty8WJDNbxOVesNj5ch8pYH95LIGAFH4dxMSqyf+Os0RTchXifEtI/mfm3AVJftmg==
  dependencies:
    lodash "^4.17.12"
    moment "^2.20.1"

tslib@^1.9.3:
  version "1.10.0"
  resolved "https://registry.yarnpkg.com/tslib/-/tslib-1.10.0.tgz#c3c19f95973fb0a62973fb09d90d961ee43e5c8a"
  integrity sha512-qOebF53frne81cf0S9B41ByenJ3/IuH8yJKngAX35CmiZySA0khhkovshKK+jGCaMnVomla7gVlIcc3EvKPbTQ==

ws@^7.2.0:
  version "7.2.1"
  resolved "https://registry.yarnpkg.com/ws/-/ws-7.2.1.tgz#03ed52423cd744084b2cf42ed197c8b65a936b8e"
  integrity sha512-sucePNSafamSKoOqoNfBd8V0StlkzJKL2ZAhGQinCfNQ+oacw+Pk7lcdAElecBF2VkLNZRiIb5Oi1Q5lVUVt2A==
